
Microsoft Visual Studio Solution File, Format Version 12.00
# Visual Studio Version 17
VisualStudioVersion = 17.3.32929.385
MinimumVisualStudioVersion = 10.0.40219.1
Project("{8BC9CEB8-8B4A-11D0-8D11-00A0C91BC942}") = "Chap02_Array", "Chap02_Array\Chap02_Array.vcxproj", "{165395C0-3634-42B8-8D13-965C8B797976}"
EndProject
Global
	GlobalSection(SolutionConfigurationPlatforms) = preSolution
		Debug|x64 = Debug|x64
		Debug|x86 = Debug|x86
		Release|x64 = Release|x64
		Release|x86 = Release|x86
	EndGlobalSection
	GlobalSection(ProjectConfigurationPlatforms) = postSolution
		{165395C0-3634-42B8-8D13-965C8B797976}.Debug|x64.ActiveCfg = Debug|x64
		{165395C0-3634-42B8-8D13-965C8B797976}.Debug|x64.Build.0 = Debug|x64
		{165395C0-3634-42B8-8D13-965C8B797976}.Debug|x86.ActiveCfg = Debug|Win32
		{165395C0-3634-42B8-8D13-965C8B797976}.Debug|x86.Build.0 = Debug|Win32
		{165395C0-3634-42B8-8D13-965C8B797976}.Release|x64.ActiveCfg = Release|x64
		{165395C0-3634-42B8-8D13-965C8B797976}.Release|x64.Build.0 = Release|x64
		{165395C0-3634-42B8-8D13-965C8B797976}.Release|x86.ActiveCfg = Release|Win32
		{165395C0-3634-42B8-8D13-965C8B797976}.Release|x86.Build.0 = Release|Win32
	EndGlobalSection
	GlobalSection(SolutionProperties) = preSolution
		HideSolutionNode = FALSE
	EndGlobalSection
	GlobalSection(ExtensibilityGlobals) = postSolution
		SolutionGuid = {D4F728A2-7589-477C-B802-5B4E6332149B}
	EndGlobalSection
EndGlobal
